--- 
dependencies: 
  ruby-debug: 
    group: 
    - :development
    version: ">= 0"
  rails: 
    group: 
    - :default
    version: = 3.0.0.beta2
  mysql: 
    group: 
    - :default
    version: ">= 0"
  haml: 
    group: 
    - :default
    version: ">= 0"
  thin: 
    group: 
    - :development
    version: ">= 0"
  will_paginate: 
    group: 
    - :default
    version: = 3.0.pre
  rdiscount: 
    group: 
    - :default
    version: ">= 0"
  nokogiri: 
    group: 
    - :default
    version: ">= 0"
specs: 
- rake: 
    version: 0.8.7
- abstract: 
    version: 1.0.0
- builder: 
    version: 2.1.2
- i18n: 
    version: 0.3.6
- memcache-client: 
    version: 1.8.1
- tzinfo: 
    version: 0.3.18
- activesupport: 
    version: 3.0.0.beta2
- activemodel: 
    version: 3.0.0.beta2
- erubis: 
    version: 2.6.5
- rack: 
    version: 1.1.0
- rack-mount: 
    version: 0.6.1
- rack-test: 
    version: 0.5.3
- actionpack: 
    version: 3.0.0.beta2
- mime-types: 
    version: "1.16"
- polyglot: 
    version: 0.3.1
- treetop: 
    version: 1.4.5
- mail: 
    version: 2.1.5.3
- text-hyphen: 
    version: 1.0.0
- text-format: 
    version: 1.0.0
- actionmailer: 
    version: 3.0.0.beta2
- arel: 
    version: 0.3.3
- activerecord: 
    version: 3.0.0.beta2
- activeresource: 
    version: 3.0.0.beta2
- bundler: 
    version: 0.9.14
- columnize: 
    version: 0.3.1
- daemons: 
    version: 1.0.10
- eventmachine: 
    version: 0.12.10
- haml: 
    version: 2.2.22
- linecache: 
    version: "0.43"
- mysql: 
    version: 2.8.1
- nokogiri: 
    version: 1.4.1
- thor: 
    version: 0.13.4
- railties: 
    version: 3.0.0.beta2
- rails: 
    version: 3.0.0.beta2
- rdiscount: 
    version: 1.6.3
- ruby-debug-base: 
    version: 0.10.3
- ruby-debug: 
    version: 0.10.3
- thin: 
    version: 1.2.7
- will_paginate: 
    version: 3.0.pre
hash: be7921f1136d9de9a1490a7854c40b4a4538cf17
sources: 
- Rubygems: 
    uri: http://gemcutter.org
