{
  "name": "theglamourist",
  "version": "0.0.1",
  "dependencies": {
    "nib": {
      "version": "0.8.2"
    },
    "stylus": {
      "version": "0.29.0",
      "dependencies": {
        "cssom": {
          "version": "0.2.5"
        },
        "mkdirp": {
          "version": "0.3.4"
        },
        "debug": {
          "version": "0.7.0"
        }
      }
    }
  }
}
