{
  "name": "theglamourist",
  "version": "0.0.1",
  "dependencies": {
    "nib": {
      "version": "1.0.2",
      "from": "nib@*",
      "dependencies": {
        "stylus": {
          "version": "0.37.0",
          "from": "stylus@~0.37.0",
          "dependencies": {
            "cssom": {
              "version": "0.2.5",
              "from": "cssom@0.2.x"
            },
            "mkdirp": {
              "version": "0.3.5",
              "from": "mkdirp@0.3.x"
            },
            "debug": {
              "version": "0.8.1",
              "from": "debug@*"
            },
            "sax": {
              "version": "0.5.8",
              "from": "sax@0.5.x"
            }
          }
        }
      }
    },
    "stylus": {
      "version": "0.44.0",
      "from": "stylus@*",
      "dependencies": {
        "css-parse": {
          "version": "1.7.0",
          "from": "css-parse@1.7.x"
        },
        "mkdirp": {
          "version": "0.3.5",
          "from": "mkdirp@0.3.x"
        },
        "debug": {
          "version": "0.8.1",
          "from": "debug@*"
        },
        "sax": {
          "version": "0.5.8",
          "from": "sax@0.5.x"
        },
        "glob": {
          "version": "3.2.9",
          "from": "glob@3.2.x",
          "dependencies": {
            "minimatch": {
              "version": "0.2.14",
              "from": "minimatch@~0.2.11",
              "dependencies": {
                "lru-cache": {
                  "version": "2.5.0",
                  "from": "lru-cache@2"
                },
                "sigmund": {
                  "version": "1.0.0",
                  "from": "sigmund@~1.0.0"
                }
              }
            },
            "inherits": {
              "version": "2.0.1",
              "from": "inherits@2"
            }
          }
        }
      }
    }
  }
}
